github.com/chilts/sid v0.0.0-20190607042430-660e94789ec9 h1:z0uK8UQqjMVYzvk4tiiu3obv2B44+XBsvgEJREQfnO8=
github.com/chilts/sid v0.0.0-20190607042430-660e94789ec9/go.mod h1:Jl2neWsQaDanWORdqZ4emBl50J4/aRBBS4FyyG9/PFo=
github.com/creack/pty v1.1.9/go.mod h1:oKZEueFk5CKHvIhNR5MUki03XCEU+Q6VDXinZuGJ33E=
github.com/deckarep/golang-set v1.7.1 h1:SCQV0S6gTtp6itiFrTqI+pfmJ4LN85S1YzhDf9rTHJQ=
github.com/deckarep/golang-set v1.7.1/go.mod h1:93vsz/8Wt4joVM7c2AVqh+YRMiUSc14yDtF28KmMOgQ=
github.com/kjk/betterguid v0.0.0-20170621091430-c442874ba63a h1:b+Gt8sQs//Sl5Dcem5zP9Qc2FgEUAygREa2AAa2Vmcw=
github.com/kjk/betterguid v0.0.0-20170621091430-c442874ba63a/go.mod h1:uxRAhHE1nl34DpWgfe0CYbNYbCnYplaB6rZH9ReWtUk=
github.com/kr/pty v1.1.1/go.mod h1:pFQYn66WHrOpPYNljwOMqo10TkYh1fy3cYio2l3bCsQ=
github.com/kr/text v0.1.0/go.mod h1:4Jbv+DJW3UT/LiOwJeYQe1efqtUx/iVham/4vfdArNI=
github.com/kr/text v0.2.0 h1:5Nx0Ya0ZqY2ygV366QzturHI13Jq95ApcVaJBhpS+AY=
github.com/kr/text v0.2.0/go.mod h1:eLer722TekiGuMkidMxC/pM04lWEeraHUUmBw8l2grE=
github.com/niemeyer/pretty v0.0.0-20200227124842-a10e7caefd8e h1:fD57ERR4JtEqsWbfPhv4DMiApHyliiK5xCTNVSPiaAs=
github.com/niemeyer/pretty v0.0.0-20200227124842-a10e7caefd8e/go.mod h1:zD1mROLANZcx1PVRCS0qkT7pwLkGfwJo4zjcN/Tysno=
github.com/oklog/ulid v1.3.1 h1:EGfNDEx6MqHz8B3uNV6QAib1UR2Lm97sHi3ocA6ESJ4=
github.com/oklog/ulid v1.3.1/go.mod h1:CirwcVhetQ6Lv90oh/F+FBtV6XMibvdAFo93nm5qn4U=
github.com/rs/xid v1.3.0 h1:6NjYksEUlhurdVehpc7S7dk6DAmcKv8V9gG0FsVN2U4=
github.com/rs/xid v1.3.0/go.mod h1:trrq9SKmegXys3aeAKXMUTdJsYXVwGY3RLcfgqegfbg=
github.com/satori/uuid v1.2.0 h1:6TFY4nxn5XwBx0gDfzbEMCNT6k4N/4FNIuN8RACZ0KI=
github.com/satori/uuid v1.2.0/go.mod h1:B8HLsPLik/YNn6KKWVMDJ8nzCL8RP5WyfsnmvnAEwIU=
github.com/segmentio/ksuid v1.0.3 h1:FoResxvleQwYiPAVKe1tMUlEirodZqlqglIuFsdDntY=
github.com/segmentio/ksuid v1.0.3/go.mod h1:/XUiZBD3kVx5SmUOl55voK5yeAbBNNIed+2O73XgrPE=
github.com/sony/sonyflake v1.0.0 h1:MpU6Ro7tfXwgn2l5eluf9xQvQJDROTBImNCfRXn/YeM=
github.com/sony/sonyflake v1.0.0/go.mod h1:Jv3cfhf/UFtolOTTRd3q4Nl6ENqM+KfyZ5PseKfZGF4=
gopkg.in/check.v1 v1.0.0-20200227125254-8fa46927fb4f h1:BLraFXnmrev5lT+xlilqcH8XK9/i0At2xKjWk4p6zsU=
gopkg.in/check.v1 v1.0.0-20200227125254-8fa46927fb4f/go.mod h1:Co6ibVJAznAaIkqp8huTwlJQCZ016jof/cbN4VW5Yz0=
